
Microsoft Visual Studio Solution File, Format Version 12.00
# Visual Studio Version 17
VisualStudioVersion = 17.2.32630.192
MinimumVisualStudioVersion = 10.0.40219.1
Project("{FAE04EC0-301F-11D3-BF4B-00C04F79EFBC}") = "API-SimpleStructure", "API-SimpleStructure\API-SimpleStructure.csproj", "{AA2875E5-B19C-4F31-83C5-FACA5A0FD619}"
EndProject
Project("{FAE04EC0-301F-11D3-BF4B-00C04F79EFBC}") = "Contracts", "Contracts\Contracts.csproj", "{86381DDF-4B5C-4CF4-A643-809E41DB7E1F}"
EndProject
Project("{FAE04EC0-301F-11D3-BF4B-00C04F79EFBC}") = "Implimentation", "Implimentation\Implimentation.csproj", "{83EF4112-8125-4457-B119-1D129D225DD8}"
EndProject
Global
	GlobalSection(SolutionConfigurationPlatforms) = preSolution
		Debug|Any CPU = Debug|Any CPU
		Release|Any CPU = Release|Any CPU
	EndGlobalSection
	GlobalSection(ProjectConfigurationPlatforms) = postSolution
		{AA2875E5-B19C-4F31-83C5-FACA5A0FD619}.Debug|Any CPU.ActiveCfg = Debug|Any CPU
		{AA2875E5-B19C-4F31-83C5-FACA5A0FD619}.Debug|Any CPU.Build.0 = Debug|Any CPU
		{AA2875E5-B19C-4F31-83C5-FACA5A0FD619}.Release|Any CPU.ActiveCfg = Release|Any CPU
		{AA2875E5-B19C-4F31-83C5-FACA5A0FD619}.Release|Any CPU.Build.0 = Release|Any CPU
		{86381DDF-4B5C-4CF4-A643-809E41DB7E1F}.Debug|Any CPU.ActiveCfg = Debug|Any CPU
		{86381DDF-4B5C-4CF4-A643-809E41DB7E1F}.Debug|Any CPU.Build.0 = Debug|Any CPU
		{86381DDF-4B5C-4CF4-A643-809E41DB7E1F}.Release|Any CPU.ActiveCfg = Release|Any CPU
		{86381DDF-4B5C-4CF4-A643-809E41DB7E1F}.Release|Any CPU.Build.0 = Release|Any CPU
		{83EF4112-8125-4457-B119-1D129D225DD8}.Debug|Any CPU.ActiveCfg = Debug|Any CPU
		{83EF4112-8125-4457-B119-1D129D225DD8}.Debug|Any CPU.Build.0 = Debug|Any CPU
		{83EF4112-8125-4457-B119-1D129D225DD8}.Release|Any CPU.ActiveCfg = Release|Any CPU
		{83EF4112-8125-4457-B119-1D129D225DD8}.Release|Any CPU.Build.0 = Release|Any CPU
	EndGlobalSection
	GlobalSection(SolutionProperties) = preSolution
		HideSolutionNode = FALSE
	EndGlobalSection
	GlobalSection(ExtensibilityGlobals) = postSolution
		SolutionGuid = {125DB2BA-EC3D-40BB-9072-7C2BCD36411F}
	EndGlobalSection
EndGlobal
